
Microsoft Visual Studio Solution File, Format Version 12.00
# Visual Studio 15
VisualStudioVersion = 15.0.28307.1022
MinimumVisualStudioVersion = 10.0.40219.1
Project("{8BC9CEB8-8B4A-11D0-8D11-00A0C91BC942}") = "exercise3", "exercise3\exercise3.vcxproj", "{B6E4AF56-34E5-4F91-A64B-99FFC4C8A05A}"
EndProject
Global
	GlobalSection(SolutionConfigurationPlatforms) = preSolution
		Debug|x64 = Debug|x64
		Debug|x86 = Debug|x86
		Release|x64 = Release|x64
		Release|x86 = Release|x86
	EndGlobalSection
	GlobalSection(ProjectConfigurationPlatforms) = postSolution
		{B6E4AF56-34E5-4F91-A64B-99FFC4C8A05A}.Debug|x64.ActiveCfg = Debug|x64
		{B6E4AF56-34E5-4F91-A64B-99FFC4C8A05A}.Debug|x64.Build.0 = Debug|x64
		{B6E4AF56-34E5-4F91-A64B-99FFC4C8A05A}.Debug|x86.ActiveCfg = Debug|Win32
		{B6E4AF56-34E5-4F91-A64B-99FFC4C8A05A}.Debug|x86.Build.0 = Debug|Win32
		{B6E4AF56-34E5-4F91-A64B-99FFC4C8A05A}.Release|x64.ActiveCfg = Release|x64
		{B6E4AF56-34E5-4F91-A64B-99FFC4C8A05A}.Release|x64.Build.0 = Release|x64
		{B6E4AF56-34E5-4F91-A64B-99FFC4C8A05A}.Release|x86.ActiveCfg = Release|Win32
		{B6E4AF56-34E5-4F91-A64B-99FFC4C8A05A}.Release|x86.Build.0 = Release|Win32
	EndGlobalSection
	GlobalSection(SolutionProperties) = preSolution
		HideSolutionNode = FALSE
	EndGlobalSection
	GlobalSection(ExtensibilityGlobals) = postSolution
		SolutionGuid = {F7825766-FED8-4D1B-945A-80498282F9CA}
	EndGlobalSection
EndGlobal
